// !$*UTF8*$!
{
	archiveVersion = 1;
	classes = {
	};
	objectVersion = 46;
	objects = {

/* Begin PBXBuildFile section */
		CC850F801B1A17960090753D /* AppDelegate.swift in Sources */ = {isa = PBXBuildFile; fileRef = CC850F7F1B1A17960090753D /* AppDelegate.swift */; };
		CC850F821B1A17960090753D /* ViewController.swift in Sources */ = {isa = PBXBuildFile; fileRef = CC850F811B1A17960090753D /* ViewController.swift */; };
		CC850F851B1A17960090753D /* Main.storyboard in Resources */ = {isa = PBXBuildFile; fileRef = CC850F831B1A17960090753D /* Main.storyboard */; };
		CC850F871B1A17960090753D /* Images.xcassets in Resources */ = {isa = PBXBuildFile; fileRef = CC850F861B1A17960090753D /* Images.xcassets */; };
		CC850F8A1B1A17960090753D /* LaunchScreen.xib in Resources */ = {isa = PBXBuildFile; fileRef = CC850F881B1A17960090753D /* LaunchScreen.xib */; };
		CC850F961B1A17960090753D /* captureTheObjectTests.swift in Sources */ = {isa = PBXBuildFile; fileRef = CC850F951B1A17960090753D /* captureTheObjectTests.swift */; };
/* End PBXBuildFile section */

/* Begin PBXContainerItemProxy section */
		CC850F901B1A17960090753D /* PBXContainerItemProxy */ = {
			isa = PBXContainerItemProxy;
			containerPortal = CC850F721B1A17960090753D /* Project object */;
			proxyType = 1;
			remoteGlobalIDString = CC850F791B1A17960090753D;
			remoteInfo = captureTheObject;
		};
/* End PBXContainerItemProxy section */

/* Begin PBXFileReference section */
		CC850F7A1B1A17960090753D /* captureTheObject.app */ = {isa = PBXFileReference; explicitFileType = wrapper.application; includeInIndex = 0; path = captureTheObject.app; sourceTree = BUILT_PRODUCTS_DIR; };
		CC850F7E1B1A17960090753D /* Info.plist */ = {isa = PBXFileReference; lastKnownFileType = text.plist.xml; path = Info.plist; sourceTree = "<group>"; };
		CC850F7F1B1A17960090753D /* AppDelegate.swift */ = {isa = PBXFileReference; lastKnownFileType = sourcecode.swift; path = AppDelegate.swift; sourceTree = "<group>"; };
		CC850F811B1A17960090753D /* ViewController.swift */ = {isa = PBXFileReference; lastKnownFileType = sourcecode.swift; path = ViewController.swift; sourceTree = "<group>"; };
		CC850F841B1A17960090753D /* Base */ = {isa = PBXFileReference; lastKnownFileType = file.storyboard; name = Base; path = Base.lproj/Main.storyboard; sourceTree = "<group>"; };
		CC850F861B1A17960090753D /* Images.xcassets */ = {isa = PBXFileReference; lastKnownFileType = folder.assetcatalog; path = Images.xcassets; sourceTree = "<group>"; };
		CC850F891B1A17960090753D /* Base */ = {isa = PBXFileReference; lastKnownFileType = file.xib; name = Base; path = Base.lproj/LaunchScreen.xib; sourceTree = "<group>"; };
		CC850F8F1B1A17960090753D /* captureTheObjectTests.xctest */ = {isa = PBXFileReference; explicitFileType = wrapper.cfbundle; includeInIndex = 0; path = captureTheObjectTests.xctest; sourceTree = BUILT_PRODUCTS_DIR; };
		CC850F941B1A17960090753D /* Info.plist */ = {isa = PBXFileReference; lastKnownFileType = text.plist.xml; path = Info.plist; sourceTree = "<group>"; };
		CC850F951B1A17960090753D /* captureTheObjectTests.swift */ = {isa = PBXFileReference; lastKnownFileType = sourcecode.swift; path = captureTheObjectTests.swift; sourceTree = "<group>"; };
/* End PBXFileReference section */

/* Begin PBXFrameworksBuildPhase section */
		CC850F771B1A17960090753D /* Frameworks */ = {
			isa = PBXFrameworksBuildPhase;
			buildActionMask = 2147483647;
			files = (
			);
			runOnlyForDeploymentPostprocessing = 0;
		};
		CC850F8C1B1A17960090753D /* Frameworks */ = {
			isa = PBXFrameworksBuildPhase;
			buildActionMask = 2147483647;
			files = (
			);
			runOnlyForDeploymentPostprocessing = 0;
		};
/* End PBXFrameworksBuildPhase section */

/* Begin PBXGroup section */
		CC850F711B1A17960090753D = {
			isa = PBXGroup;
			children = (
				CC850F7C1B1A17960090753D /* captureTheObject */,
				CC850F921B1A17960090753D /* captureTheObjectTests */,
				CC850F7B1B1A17960090753D /* Products */,
			);
			sourceTree = "<group>";
		};
		CC850F7B1B1A17960090753D /* Products */ = {
			isa = PBXGroup;
			children = (
				CC850F7A1B1A17960090753D /* captureTheObject.app */,
				CC850F8F1B1A17960090753D /* captureTheObjectTests.xctest */,
			);
			name = Products;
			sourceTree = "<group>";
		};
		CC850F7C1B1A17960090753D /* captureTheObject */ = {
			isa = PBXGroup;
			children = (
				CC850F7F1B1A17960090753D /* AppDelegate.swift */,
				CC850F811B1A17960090753D /* ViewController.swift */,
				CC850F831B1A17960090753D /* Main.storyboard */,
				CC850F861B1A17960090753D /* Images.xcassets */,
				CC850F881B1A17960090753D /* LaunchScreen.xib */,
				CC850F7D1B1A17960090753D /* Supporting Files */,
			);
			path = captureTheObject;
			sourceTree = "<group>";
		};
		CC850F7D1B1A17960090753D /* Supporting Files */ = {
			isa = PBXGroup;
			children = (
				CC850F7E1B1A17960090753D /* Info.plist */,
			);
			name = "Supporting Files";
			sourceTree = "<group>";
		};
		CC850F921B1A17960090753D /* captureTheObjectTests */ = {
			isa = PBXGroup;
			children = (
				CC850F951B1A17960090753D /* captureTheObjectTests.swift */,
				CC850F931B1A17960090753D /* Supporting Files */,
			);
			path = captureTheObjectTests;
			sourceTree = "<group>";
		};
		CC850F931B1A17960090753D /* Supporting Files */ = {
			isa = PBXGroup;
			children = (
				CC850F941B1A17960090753D /* Info.plist */,
			);
			name = "Supporting Files";
			sourceTree = "<group>";
		};
/* End PBXGroup section */

/* Begin PBXNativeTarget section */
		CC850F791B1A17960090753D /* captureTheObject */ = {
			isa = PBXNativeTarget;
			buildConfigurationList = CC850F991B1A17960090753D /* Build configuration list for PBXNativeTarget "captureTheObject" */;
			buildPhases = (
				CC850F761B1A17960090753D /* Sources */,
				CC850F771B1A17960090753D /* Frameworks */,
				CC850F781B1A17960090753D /* Resources */,
			);
			buildRules = (
			);
			dependencies = (
			);
			name = captureTheObject;
			productName = captureTheObject;
			productReference = CC850F7A1B1A17960090753D /* captureTheObject.app */;
			productType = "com.apple.product-type.application";
		};
		CC850F8E1B1A17960090753D /* captureTheObjectTests */ = {
			isa = PBXNativeTarget;
			buildConfigurationList = CC850F9C1B1A17960090753D /* Build configuration list for PBXNativeTarget "captureTheObjectTests" */;
			buildPhases = (
				CC850F8B1B1A17960090753D /* Sources */,
				CC850F8C1B1A17960090753D /* Frameworks */,
				CC850F8D1B1A17960090753D /* Resources */,
			);
			buildRules = (
			);
			dependencies = (
				CC850F911B1A17960090753D /* PBXTargetDependency */,
			);
			name = captureTheObjectTests;
			productName = captureTheObjectTests;
			productReference = CC850F8F1B1A17960090753D /* captureTheObjectTests.xctest */;
			productType = "com.apple.product-type.bundle.unit-test";
		};
/* End PBXNativeTarget section */

/* Begin PBXProject section */
		CC850F721B1A17960090753D /* Project object */ = {
			isa = PBXProject;
			attributes = {
				LastUpgradeCheck = 0630;
				ORGANIZATIONNAME = "MIKE LAND";
				TargetAttributes = {
					CC850F791B1A17960090753D = {
						CreatedOnToolsVersion = 6.3.2;
					};
					CC850F8E1B1A17960090753D = {
						CreatedOnToolsVersion = 6.3.2;
						TestTargetID = CC850F791B1A17960090753D;
					};
				};
			};
			buildConfigurationList = CC850F751B1A17960090753D /* Build configuration list for PBXProject "captureTheObject" */;
			compatibilityVersion = "Xcode 3.2";
			developmentRegion = English;
			hasScannedForEncodings = 0;
			knownRegions = (
				en,
				Base,
			);
			mainGroup = CC850F711B1A17960090753D;
			productRefGroup = CC850F7B1B1A17960090753D /* Products */;
			projectDirPath = "";
			projectRoot = "";
			targets = (
				CC850F791B1A17960090753D /* captureTheObject */,
				CC850F8E1B1A17960090753D /* captureTheObjectTests */,
			);
		};
/* End PBXProject section */

/* Begin PBXResourcesBuildPhase section */
		CC850F781B1A17960090753D /* Resources */ = {
			isa = PBXResourcesBuildPhase;
			buildActionMask = 2147483647;
			files = (
				CC850F851B1A17960090753D /* Main.storyboard in Resources */,
				CC850F8A1B1A17960090753D /* LaunchScreen.xib in Resources */,
				CC850F871B1A17960090753D /* Images.xcassets in Resources */,
			);
			runOnlyForDeploymentPostprocessing = 0;
		};
		CC850F8D1B1A17960090753D /* Resources */ = {
			isa = PBXResourcesBuildPhase;
			buildActionMask = 2147483647;
			files = (
			);
			runOnlyForDeploymentPostprocessing = 0;
		};
/* End PBXResourcesBuildPhase section */

/* Begin PBXSourcesBuildPhase section */
		CC850F761B1A17960090753D /* Sources */ = {
			isa = PBXSourcesBuildPhase;
			buildActionMask = 2147483647;
			files = (
				CC850F821B1A17960090753D /* ViewController.swift in Sources */,
				CC850F801B1A17960090753D /* AppDelegate.swift in Sources */,
			);
			runOnlyForDeploymentPostprocessing = 0;
		};
		CC850F8B1B1A17960090753D /* Sources */ = {
			isa = PBXSourcesBuildPhase;
			buildActionMask = 2147483647;
			files = (
				CC850F961B1A17960090753D /* captureTheObjectTests.swift in Sources */,
			);
			runOnlyForDeploymentPostprocessing = 0;
		};
/* End PBXSourcesBuildPhase section */

/* Begin PBXTargetDependency section */
		CC850F911B1A17960090753D /* PBXTargetDependency */ = {
			isa = PBXTargetDependency;
			target = CC850F791B1A17960090753D /* captureTheObject */;
			targetProxy = CC850F901B1A17960090753D /* PBXContainerItemProxy */;
		};
/* End PBXTargetDependency section */

/* Begin PBXVariantGroup section */
		CC850F831B1A17960090753D /* Main.storyboard */ = {
			isa = PBXVariantGroup;
			children = (
				CC850F841B1A17960090753D /* Base */,
			);
			name = Main.storyboard;
			sourceTree = "<group>";
		};
		CC850F881B1A17960090753D /* LaunchScreen.xib */ = {
			isa = PBXVariantGroup;
			children = (
				CC850F891B1A17960090753D /* Base */,
			);
			name = LaunchScreen.xib;
			sourceTree = "<group>";
		};
/* End PBXVariantGroup section */

/* Begin XCBuildConfiguration section */
		CC850F971B1A17960090753D /* Debug */ = {
			isa = XCBuildConfiguration;
			buildSettings = {
				ALWAYS_SEARCH_USER_PATHS = NO;
				CLANG_CXX_LANGUAGE_STANDARD = "gnu++0x";
				CLANG_CXX_LIBRARY = "libc++";
				CLANG_ENABLE_MODULES = YES;
				CLANG_ENABLE_OBJC_ARC = YES;
				CLANG_WARN_BOOL_CONVERSION = YES;
				CLANG_WARN_CONSTANT_CONVERSION = YES;
				CLANG_WARN_DIRECT_OBJC_ISA_USAGE = YES_ERROR;
				CLANG_WARN_EMPTY_BODY = YES;
				CLANG_WARN_ENUM_CONVERSION = YES;
				CLANG_WARN_INT_CONVERSION = YES;
				CLANG_WARN_OBJC_ROOT_CLASS = YES_ERROR;
				CLANG_WARN_UNREACHABLE_CODE = YES;
				CLANG_WARN__DUPLICATE_METHOD_MATCH = YES;
				"CODE_SIGN_IDENTITY[sdk=iphoneos*]" = "iPhone Developer";
				COPY_PHASE_STRIP = NO;
				DEBUG_INFORMATION_FORMAT = "dwarf-with-dsym";
				ENABLE_STRICT_OBJC_MSGSEND = YES;
				GCC_C_LANGUAGE_STANDARD = gnu99;
				GCC_DYNAMIC_NO_PIC = NO;
				GCC_NO_COMMON_BLOCKS = YES;
				GCC_OPTIMIZATION_LEVEL = 0;
				GCC_PREPROCESSOR_DEFINITIONS = (
					"DEBUG=1",
					"$(inherited)",
				);
				GCC_SYMBOLS_PRIVATE_EXTERN = NO;
				GCC_WARN_64_TO_32_BIT_CONVERSION = YES;
				GCC_WARN_ABOUT_RETURN_TYPE = YES_ERROR;
				GCC_WARN_UNDECLARED_SELECTOR = YES;
				GCC_WARN_UNINITIALIZED_AUTOS = YES_AGGRESSIVE;
				GCC_WARN_UNUSED_FUNCTION = YES;
				GCC_WARN_UNUSED_VARIABLE = YES;
				IPHONEOS_DEPLOYMENT_TARGET = 8.3;
				MTL_ENABLE_DEBUG_INFO = YES;
				ONLY_ACTIVE_ARCH = YES;
				SDKROOT = iphoneos;
				SWIFT_OPTIMIZATION_LEVEL = "-Onone";
			};
			name = Debug;
		};
		CC850F981B1A17960090753D /* Release */ = {
			isa = XCBuildConfiguration;
			buildSettings = {
				ALWAYS_SEARCH_USER_PATHS = NO;
				CLANG_CXX_LANGUAGE_STANDARD = "gnu++0x";
				CLANG_CXX_LIBRARY = "libc++";
				CLANG_ENABLE_MODULES = YES;
				CLANG_ENABLE_OBJC_ARC = YES;
				CLANG_WARN_BOOL_CONVERSION = YES;
				CLANG_WARN_CONSTANT_CONVERSION = YES;
				CLANG_WARN_DIRECT_OBJC_ISA_USAGE = YES_ERROR;
				CLANG_WARN_EMPTY_BODY = YES;
				CLANG_WARN_ENUM_CONVERSION = YES;
				CLANG_WARN_INT_CONVERSION = YES;
				CLANG_WARN_OBJC_ROOT_CLASS = YES_ERROR;
				CLANG_WARN_UNREACHABLE_CODE = YES;
				CLANG_WARN__DUPLICATE_METHOD_MATCH = YES;
				"CODE_SIGN_IDENTITY[sdk=iphoneos*]" = "iPhone Developer";
				COPY_PHASE_STRIP = NO;
				DEBUG_INFORMATION_FORMAT = "dwarf-with-dsym";
				ENABLE_NS_ASSERTIONS = NO;
				ENABLE_STRICT_OBJC_MSGSEND = YES;
				GCC_C_LANGUAGE_STANDARD = gnu99;
				GCC_NO_COMMON_BLOCKS = YES;
				GCC_WARN_64_TO_32_BIT_CONVERSION = YES;
				GCC_WARN_ABOUT_RETURN_TYPE = YES_ERROR;
				GCC_WARN_UNDECLARED_SELECTOR = YES;
				GCC_WARN_UNINITIALIZED_AUTOS = YES_AGGRESSIVE;
				GCC_WARN_UNUSED_FUNCTION = YES;
				GCC_WARN_UNUSED_VARIABLE = YES;
				IPHONEOS_DEPLOYMENT_TARGET = 8.3;
				MTL_ENABLE_DEBUG_INFO = NO;
				SDKROOT = iphoneos;
				VALIDATE_PRODUCT = YES;
			};
			name = Release;
		};
		CC850F9A1B1A17960090753D /* Debug */ = {
			isa = XCBuildConfiguration;
			buildSettings = {
				ASSETCATALOG_COMPILER_APPICON_NAME = AppIcon;
				INFOPLIST_FILE = captureTheObject/Info.plist;
				LD_RUNPATH_SEARCH_PATHS = "$(inherited) @executable_path/Frameworks";
				PRODUCT_NAME = "$(TARGET_NAME)";
			};
			name = Debug;
		};
		CC850F9B1B1A17960090753D /* Release */ = {
			isa = XCBuildConfiguration;
			buildSettings = {
				ASSETCATALOG_COMPILER_APPICON_NAME = AppIcon;
				INFOPLIST_FILE = captureTheObject/Info.plist;
				LD_RUNPATH_SEARCH_PATHS = "$(inherited) @executable_path/Frameworks";
				PRODUCT_NAME = "$(TARGET_NAME)";
			};
			name = Release;
		};
		CC850F9D1B1A17960090753D /* Debug */ = {
			isa = XCBuildConfiguration;
			buildSettings = {
				BUNDLE_LOADER = "$(TEST_HOST)";
				FRAMEWORK_SEARCH_PATHS = (
					"$(SDKROOT)/Developer/Library/Frameworks",
					"$(inherited)",
				);
				GCC_PREPROCESSOR_DEFINITIONS = (
					"DEBUG=1",
					"$(inherited)",
				);
				INFOPLIST_FILE = captureTheObjectTests/Info.plist;
				LD_RUNPATH_SEARCH_PATHS = "$(inherited) @executable_path/Frameworks @loader_path/Frameworks";
				PRODUCT_NAME = "$(TARGET_NAME)";
				TEST_HOST = "$(BUILT_PRODUCTS_DIR)/captureTheObject.app/captureTheObject";
			};
			name = Debug;
		};
		CC850F9E1B1A17960090753D /* Release */ = {
			isa = XCBuildConfiguration;
			buildSettings = {
				BUNDLE_LOADER = "$(TEST_HOST)";
				FRAMEWORK_SEARCH_PATHS = (
					"$(SDKROOT)/Developer/Library/Frameworks",
					"$(inherited)",
				);
				INFOPLIST_FILE = captureTheObjectTests/Info.plist;
				LD_RUNPATH_SEARCH_PATHS = "$(inherited) @executable_path/Frameworks @loader_path/Frameworks";
				PRODUCT_NAME = "$(TARGET_NAME)";
				TEST_HOST = "$(BUILT_PRODUCTS_DIR)/captureTheObject.app/captureTheObject";
			};
			name = Release;
		};
/* End XCBuildConfiguration section */

/* Begin XCConfigurationList section */
		CC850F751B1A17960090753D /* Build configuration list for PBXProject "captureTheObject" */ = {
			isa = XCConfigurationList;
			buildConfigurations = (
				CC850F971B1A17960090753D /* Debug */,
				CC850F981B1A17960090753D /* Release */,
			);
			defaultConfigurationIsVisible = 0;
			defaultConfigurationName = Release;
		};
		CC850F991B1A17960090753D /* Build configuration list for PBXNativeTarget "captureTheObject" */ = {
			isa = XCConfigurationList;
			buildConfigurations = (
				CC850F9A1B1A17960090753D /* Debug */,
				CC850F9B1B1A17960090753D /* Release */,
			);
			defaultConfigurationIsVisible = 0;
		};
		CC850F9C1B1A17960090753D /* Build configuration list for PBXNativeTarget "captureTheObjectTests" */ = {
			isa = XCConfigurationList;
			buildConfigurations = (
				CC850F9D1B1A17960090753D /* Debug */,
				CC850F9E1B1A17960090753D /* Release */,
			);
			defaultConfigurationIsVisible = 0;
		};
/* End XCConfigurationList section */
	};
	rootObject = CC850F721B1A17960090753D /* Project object */;
}
